
Microsoft Visual Studio Solution File, Format Version 12.00
# Visual Studio Version 16
VisualStudioVersion = 16.0.29009.5
MinimumVisualStudioVersion = 10.0.40219.1
Project("{FAE04EC0-301F-11D3-BF4B-00C04F79EFBC}") = "mayu.AI3", "mayu.AI3\mayu.AI3.csproj", "{978A3BE5-FDB9-4BCD-9517-37047B982789}"
EndProject
Project("{54435603-DBB4-11D2-8724-00A0C9A8B90C}") = "Mayu.AI3 Installer", "Mayu.AI3 Installer\Mayu.AI3 Installer.vdproj", "{5C5496DB-30B6-4B23-B5AD-2F89A2C56F7C}"
EndProject
Global
	GlobalSection(SolutionConfigurationPlatforms) = preSolution
		Debug|Any CPU = Debug|Any CPU
		Release|Any CPU = Release|Any CPU
	EndGlobalSection
	GlobalSection(ProjectConfigurationPlatforms) = postSolution
		{978A3BE5-FDB9-4BCD-9517-37047B982789}.Debug|Any CPU.ActiveCfg = Debug|Any CPU
		{978A3BE5-FDB9-4BCD-9517-37047B982789}.Debug|Any CPU.Build.0 = Debug|Any CPU
		{978A3BE5-FDB9-4BCD-9517-37047B982789}.Release|Any CPU.ActiveCfg = Release|Any CPU
		{978A3BE5-FDB9-4BCD-9517-37047B982789}.Release|Any CPU.Build.0 = Release|Any CPU
		{5C5496DB-30B6-4B23-B5AD-2F89A2C56F7C}.Debug|Any CPU.ActiveCfg = Debug
		{5C5496DB-30B6-4B23-B5AD-2F89A2C56F7C}.Release|Any CPU.ActiveCfg = Release
	EndGlobalSection
	GlobalSection(SolutionProperties) = preSolution
		HideSolutionNode = FALSE
	EndGlobalSection
	GlobalSection(ExtensibilityGlobals) = postSolution
		SolutionGuid = {FC887181-B66D-4ABD-B930-50DA2712EE05}
	EndGlobalSection
EndGlobal
